
Microsoft Visual Studio Solution File, Format Version 12.00
# Visual Studio Version 17
VisualStudioVersion = 17.7.34221.43
MinimumVisualStudioVersion = 10.0.40219.1
Project("{FAE04EC0-301F-11D3-BF4B-00C04F79EFBC}") = "Erp.Api", "Erp.Api\Erp.Api.csproj", "{03612450-C2C8-4A45-BF96-97C9B5D966D2}"
EndProject
Global
	GlobalSection(SolutionConfigurationPlatforms) = preSolution
		Debug|Any CPU = Debug|Any CPU
		Release|Any CPU = Release|Any CPU
	EndGlobalSection
	GlobalSection(ProjectConfigurationPlatforms) = postSolution
		{03612450-C2C8-4A45-BF96-97C9B5D966D2}.Debug|Any CPU.ActiveCfg = Debug|Any CPU
		{03612450-C2C8-4A45-BF96-97C9B5D966D2}.Debug|Any CPU.Build.0 = Debug|Any CPU
		{03612450-C2C8-4A45-BF96-97C9B5D966D2}.Release|Any CPU.ActiveCfg = Release|Any CPU
		{03612450-C2C8-4A45-BF96-97C9B5D966D2}.Release|Any CPU.Build.0 = Release|Any CPU
	EndGlobalSection
	GlobalSection(SolutionProperties) = preSolution
		HideSolutionNode = FALSE
	EndGlobalSection
	GlobalSection(ExtensibilityGlobals) = postSolution
		SolutionGuid = {EEAAF24B-DFF3-41A4-9B80-2B3003B0A741}
	EndGlobalSection
EndGlobal
